<Solution>
  <Project Path="DataTypes/DataTypes.csproj" />
  <Project Path="HelloWorld/HelloWorld.csproj" />
  <Project Path="IfUseCases/IfUseCases.csproj" Id="2926462f-f642-46d0-872a-807ecaddd96d" />
  <Project Path="KilometersApp/KilometersApp.csproj" />
  <Project Path="NumberRead/NumberRead.csproj" />
  <Project Path="PrintingApp/PrintingApp.csproj" />
  <Project Path="ProductVat/ProductVat.csproj" />
  <Project Path="SwitchApp/SwitchApp.csproj" Id="fa86d637-5f25-4780-a71e-173c0880cd85" />
</Solution>
