<Solution>
  <Project Path="ArraysApp/ArraysApp.csproj" Id="915a5c0f-b7ae-4d8c-911f-e2f541da6d0d" />
  <Project Path="CitiesForApp/CitiesForApp.csproj" Id="e6358f35-c559-48ab-a8a4-e32ca829298d" />
  <Project Path="DataTypes/DataTypes.csproj" />
  <Project Path="DoWhileApp/DoWhileApp.csproj" Id="079911d5-e9d9-4a8a-9b75-9c93ecc15f52" />
  <Project Path="FibonacciIterative/FibonacciIterative.csproj" Id="0d56db48-8a21-4b75-9216-ad070e5b1852" />
  <Project Path="FormatExceptionApp/FormatExceptionApp.csproj" Id="96bd24ac-5b96-4771-9cc2-8a714ff6a94d" />
  <Project Path="HelloWorld/HelloWorld.csproj" />
  <Project Path="IfUseCases/IfUseCases.csproj" Id="2926462f-f642-46d0-872a-807ecaddd96d" />
  <Project Path="KilometersApp/KilometersApp.csproj" />
  <Project Path="NumberRead/NumberRead.csproj" />
  <Project Path="PositivesCount/PositivesCount.csproj" Id="debcef18-acd9-48c5-931e-00167c7f5dc1" />
  <Project Path="PowerApp/PowerApp.csproj" Id="dca87891-20e5-4bad-a628-bf9d8ce9f18b" />
  <Project Path="PrintingApp/PrintingApp.csproj" />
  <Project Path="ProductVat/ProductVat.csproj" />
  <Project Path="ProductWhileApp/ProductWhileApp.csproj" Id="a7b0489b-f8b1-4f4c-bddc-2edf68c926b1" />
  <Project Path="PyramidChallenge/PyramidChallenge.csproj" Id="0106fcef-a48a-4fac-8eb4-65aeb78d84bd" />
  <Project Path="SwapApp/SwapApp.csproj" Id="f4757811-f0fb-4b6d-a353-e60a25fee4c2" />
  <Project Path="SwitchApp/SwitchApp.csproj" Id="fa86d637-5f25-4780-a71e-173c0880cd85" />
  <Project Path="WhileApp/WhileApp.csproj" Id="67f74bc9-e5cc-4fcb-af18-a69b2a922791" />
</Solution>
